
Microsoft Visual Studio Solution File, Format Version 12.00
# Visual Studio 15
VisualStudioVersion = 15.0.26124.0
MinimumVisualStudioVersion = 15.0.26124.0
Project("{FAE04EC0-301F-11D3-BF4B-00C04F79EFBC}") = "SkyLar", "SkyLar\SkyLar.csproj", "{A59ACAD3-88FB-46CE-B1A8-92481EE1883A}"
EndProject
Project("{FAE04EC0-301F-11D3-BF4B-00C04F79EFBC}") = "SkyLar.Core", "SkyLar.Core\SkyLar.Core.csproj", "{CFC3C45D-2883-4A7F-9A49-2E7EB05338EE}"
EndProject
Global
	GlobalSection(SolutionConfigurationPlatforms) = preSolution
		Debug|Any CPU = Debug|Any CPU
		Debug|x64 = Debug|x64
		Debug|x86 = Debug|x86
		Release|Any CPU = Release|Any CPU
		Release|x64 = Release|x64
		Release|x86 = Release|x86
	EndGlobalSection
	GlobalSection(SolutionProperties) = preSolution
		HideSolutionNode = FALSE
	EndGlobalSection
	GlobalSection(ProjectConfigurationPlatforms) = postSolution
		{A59ACAD3-88FB-46CE-B1A8-92481EE1883A}.Debug|Any CPU.ActiveCfg = Debug|Any CPU
		{A59ACAD3-88FB-46CE-B1A8-92481EE1883A}.Debug|Any CPU.Build.0 = Debug|Any CPU
		{A59ACAD3-88FB-46CE-B1A8-92481EE1883A}.Debug|x64.ActiveCfg = Debug|Any CPU
		{A59ACAD3-88FB-46CE-B1A8-92481EE1883A}.Debug|x64.Build.0 = Debug|Any CPU
		{A59ACAD3-88FB-46CE-B1A8-92481EE1883A}.Debug|x86.ActiveCfg = Debug|Any CPU
		{A59ACAD3-88FB-46CE-B1A8-92481EE1883A}.Debug|x86.Build.0 = Debug|Any CPU
		{A59ACAD3-88FB-46CE-B1A8-92481EE1883A}.Release|Any CPU.ActiveCfg = Release|Any CPU
		{A59ACAD3-88FB-46CE-B1A8-92481EE1883A}.Release|Any CPU.Build.0 = Release|Any CPU
		{A59ACAD3-88FB-46CE-B1A8-92481EE1883A}.Release|x64.ActiveCfg = Release|Any CPU
		{A59ACAD3-88FB-46CE-B1A8-92481EE1883A}.Release|x64.Build.0 = Release|Any CPU
		{A59ACAD3-88FB-46CE-B1A8-92481EE1883A}.Release|x86.ActiveCfg = Release|Any CPU
		{A59ACAD3-88FB-46CE-B1A8-92481EE1883A}.Release|x86.Build.0 = Release|Any CPU
		{CFC3C45D-2883-4A7F-9A49-2E7EB05338EE}.Debug|Any CPU.ActiveCfg = Debug|Any CPU
		{CFC3C45D-2883-4A7F-9A49-2E7EB05338EE}.Debug|Any CPU.Build.0 = Debug|Any CPU
		{CFC3C45D-2883-4A7F-9A49-2E7EB05338EE}.Debug|x64.ActiveCfg = Debug|Any CPU
		{CFC3C45D-2883-4A7F-9A49-2E7EB05338EE}.Debug|x64.Build.0 = Debug|Any CPU
		{CFC3C45D-2883-4A7F-9A49-2E7EB05338EE}.Debug|x86.ActiveCfg = Debug|Any CPU
		{CFC3C45D-2883-4A7F-9A49-2E7EB05338EE}.Debug|x86.Build.0 = Debug|Any CPU
		{CFC3C45D-2883-4A7F-9A49-2E7EB05338EE}.Release|Any CPU.ActiveCfg = Release|Any CPU
		{CFC3C45D-2883-4A7F-9A49-2E7EB05338EE}.Release|Any CPU.Build.0 = Release|Any CPU
		{CFC3C45D-2883-4A7F-9A49-2E7EB05338EE}.Release|x64.ActiveCfg = Release|Any CPU
		{CFC3C45D-2883-4A7F-9A49-2E7EB05338EE}.Release|x64.Build.0 = Release|Any CPU
		{CFC3C45D-2883-4A7F-9A49-2E7EB05338EE}.Release|x86.ActiveCfg = Release|Any CPU
		{CFC3C45D-2883-4A7F-9A49-2E7EB05338EE}.Release|x86.Build.0 = Release|Any CPU
	EndGlobalSection
EndGlobal
