
Microsoft Visual Studio Solution File, Format Version 12.00
# Visual Studio 15
VisualStudioVersion = 15.0.26124.0
MinimumVisualStudioVersion = 15.0.26124.0
Project("{FAE04EC0-301F-11D3-BF4B-00C04F79EFBC}") = "SkyLar", "SkyLar\SkyLar.csproj", "{5957403B-F90C-41F6-BEB8-F0D38FC07852}"
EndProject
Project("{FAE04EC0-301F-11D3-BF4B-00C04F79EFBC}") = "Logic", "Logic\Logic.csproj", "{F9B8198A-1C87-4A05-AC04-0E0807A29F1C}"
EndProject
Project("{FAE04EC0-301F-11D3-BF4B-00C04F79EFBC}") = "Filesystem", "Filesystem\Filesystem.csproj", "{E2472368-A537-497B-894C-C1572D19BAD8}"
EndProject
Global
	GlobalSection(SolutionConfigurationPlatforms) = preSolution
		Debug|Any CPU = Debug|Any CPU
		Release|Any CPU = Release|Any CPU
	EndGlobalSection
	GlobalSection(SolutionProperties) = preSolution
		HideSolutionNode = FALSE
	EndGlobalSection
	GlobalSection(ProjectConfigurationPlatforms) = postSolution
		{5957403B-F90C-41F6-BEB8-F0D38FC07852}.Debug|Any CPU.ActiveCfg = Debug|Any CPU
		{5957403B-F90C-41F6-BEB8-F0D38FC07852}.Debug|Any CPU.Build.0 = Debug|Any CPU
		{5957403B-F90C-41F6-BEB8-F0D38FC07852}.Release|Any CPU.ActiveCfg = Release|Any CPU
		{5957403B-F90C-41F6-BEB8-F0D38FC07852}.Release|Any CPU.Build.0 = Release|Any CPU
		{F9B8198A-1C87-4A05-AC04-0E0807A29F1C}.Debug|Any CPU.ActiveCfg = Debug|Any CPU
		{F9B8198A-1C87-4A05-AC04-0E0807A29F1C}.Debug|Any CPU.Build.0 = Debug|Any CPU
		{F9B8198A-1C87-4A05-AC04-0E0807A29F1C}.Release|Any CPU.ActiveCfg = Release|Any CPU
		{F9B8198A-1C87-4A05-AC04-0E0807A29F1C}.Release|Any CPU.Build.0 = Release|Any CPU
		{E2472368-A537-497B-894C-C1572D19BAD8}.Debug|Any CPU.ActiveCfg = Debug|Any CPU
		{E2472368-A537-497B-894C-C1572D19BAD8}.Debug|Any CPU.Build.0 = Debug|Any CPU
		{E2472368-A537-497B-894C-C1572D19BAD8}.Release|Any CPU.ActiveCfg = Release|Any CPU
		{E2472368-A537-497B-894C-C1572D19BAD8}.Release|Any CPU.Build.0 = Release|Any CPU
	EndGlobalSection
EndGlobal
